
Microsoft Visual Studio Solution File, Format Version 12.00
# Visual Studio Version 17
VisualStudioVersion = 17.14.36327.8 d17.14
MinimumVisualStudioVersion = 10.0.40219.1
Project("{FAE04EC0-301F-11D3-BF4B-00C04F79EFBC}") = "ShellLife_backend_API", "ShellLife_backend_API\ShellLife_backend_API.csproj", "{AC0667A9-8440-44FA-8031-C72838F75E94}"
EndProject
Global
	GlobalSection(SolutionConfigurationPlatforms) = preSolution
		Debug|Any CPU = Debug|Any CPU
		Release|Any CPU = Release|Any CPU
	EndGlobalSection
	GlobalSection(ProjectConfigurationPlatforms) = postSolution
		{AC0667A9-8440-44FA-8031-C72838F75E94}.Debug|Any CPU.ActiveCfg = Debug|Any CPU
		{AC0667A9-8440-44FA-8031-C72838F75E94}.Debug|Any CPU.Build.0 = Debug|Any CPU
		{AC0667A9-8440-44FA-8031-C72838F75E94}.Release|Any CPU.ActiveCfg = Release|Any CPU
		{AC0667A9-8440-44FA-8031-C72838F75E94}.Release|Any CPU.Build.0 = Release|Any CPU
	EndGlobalSection
	GlobalSection(SolutionProperties) = preSolution
		HideSolutionNode = FALSE
	EndGlobalSection
	GlobalSection(ExtensibilityGlobals) = postSolution
		SolutionGuid = {E60C0D94-C491-425F-BEFC-A7B9E1274B24}
	EndGlobalSection
EndGlobal
